
Microsoft Visual Studio Solution File, Format Version 12.00
# Visual Studio 15
VisualStudioVersion = 15.0.28010.2026
MinimumVisualStudioVersion = 10.0.40219.1
Project("{FAE04EC0-301F-11D3-BF4B-00C04F79EFBC}") = "RobotController.GUI", "RobotController.GUI\RobotController.GUI.csproj", "{A862523B-EB60-4E44-B389-A640BD1985AD}"
EndProject
Global
	GlobalSection(SolutionConfigurationPlatforms) = preSolution
		Debug|Any CPU = Debug|Any CPU
		Release|Any CPU = Release|Any CPU
	EndGlobalSection
	GlobalSection(ProjectConfigurationPlatforms) = postSolution
		{A862523B-EB60-4E44-B389-A640BD1985AD}.Debug|Any CPU.ActiveCfg = Debug|Any CPU
		{A862523B-EB60-4E44-B389-A640BD1985AD}.Debug|Any CPU.Build.0 = Debug|Any CPU
		{A862523B-EB60-4E44-B389-A640BD1985AD}.Release|Any CPU.ActiveCfg = Release|Any CPU
		{A862523B-EB60-4E44-B389-A640BD1985AD}.Release|Any CPU.Build.0 = Release|Any CPU
	EndGlobalSection
	GlobalSection(SolutionProperties) = preSolution
		HideSolutionNode = FALSE
	EndGlobalSection
	GlobalSection(ExtensibilityGlobals) = postSolution
		SolutionGuid = {0B6B2206-FDC1-4015-A9CA-002106C9F2CD}
	EndGlobalSection
EndGlobal
