
Microsoft Visual Studio Solution File, Format Version 12.00
# Visual Studio 15
VisualStudioVersion = 15.0.28010.2026
MinimumVisualStudioVersion = 10.0.40219.1
Project("{FAE04EC0-301F-11D3-BF4B-00C04F79EFBC}") = "RobotController.Communication", "RobotController.Communication\RobotController.Communication.csproj", "{8D1FD0F1-24FB-4811-9BF4-2849D6C81021}"
EndProject
Project("{FAE04EC0-301F-11D3-BF4B-00C04F79EFBC}") = "RobotController.WpfGui", "RobotController.WpfClient\RobotController.WpfGui.csproj", "{32AB3877-5F8A-4F40-9E4A-3BE103CFC387}"
EndProject
Project("{9A19103F-16F7-4668-BE54-9A1E7A4F7556}") = "RobotController.Tests", "RobotController.Tests\RobotController.Tests.csproj", "{4DADD82C-F696-4FB5-A3E5-20567CD98309}"
EndProject
Project("{FAE04EC0-301F-11D3-BF4B-00C04F79EFBC}") = "RobotController.RobotModels", "RobotController.RobotParameters\RobotController.RobotModels.csproj", "{7B48551A-51AB-4381-BA1E-017B6DF7E4AF}"
EndProject
Project("{FAE04EC0-301F-11D3-BF4B-00C04F79EFBC}") = "J2i.Net.XInputWrapper", "J2i.Net.XInputWrapper\J2i.Net.XInputWrapper.csproj", "{146BCDF6-0354-4401-BBDD-57A52D2598A6}"
EndProject
Project("{FAE04EC0-301F-11D3-BF4B-00C04F79EFBC}") = "RobotController.Gamepad", "RobotController.Gamepad\RobotController.Gamepad.csproj", "{749B171C-9933-48B1-8EB9-C072C0C9092A}"
EndProject
Project("{FAE04EC0-301F-11D3-BF4B-00C04F79EFBC}") = "RobotController.DataLogger", "RobotController.DataLogger\RobotController.DataLogger.csproj", "{045EA4E4-16F3-44EA-BC78-1762FB6D7FF8}"
EndProject
Project("{2150E333-8FDC-42A3-9474-1A3956D46DE8}") = "test", "test", "{2ECFA4D8-EF29-4E3C-816B-98EAABFCCEC4}"
EndProject
Project("{2150E333-8FDC-42A3-9474-1A3956D46DE8}") = "UnitTests", "UnitTests", "{DFFB9D0E-63B5-4832-BF04-93370EEBF04C}"
EndProject
Project("{2150E333-8FDC-42A3-9474-1A3956D46DE8}") = "IntegrationTests", "IntegrationTests", "{B44CAE5E-4089-4AFE-B701-3A3DD44A6B1D}"
EndProject
Project("{2150E333-8FDC-42A3-9474-1A3956D46DE8}") = "FakeHardware", "FakeHardware", "{F244ED95-5598-4D2B-94F9-6745CEE6E716}"
EndProject
Project("{FAE04EC0-301F-11D3-BF4B-00C04F79EFBC}") = "HardwareEmulatorGui.cs", "HardwareEmulatorGui.cs\HardwareEmulatorGui.cs.csproj", "{A7FD8CA2-3ACD-4CB6-A25D-FE3720809219}"
EndProject
Project("{FAE04EC0-301F-11D3-BF4B-00C04F79EFBC}") = "HardwareEmulator", "HardwareEmulator\HardwareEmulator.csproj", "{C10E8169-79FE-46A0-A18A-6586557AED82}"
EndProject
Global
	GlobalSection(SolutionConfigurationPlatforms) = preSolution
		Debug|Any CPU = Debug|Any CPU
		Debug|ARM = Debug|ARM
		Debug|x64 = Debug|x64
		Debug|x86 = Debug|x86
		Release|Any CPU = Release|Any CPU
		Release|ARM = Release|ARM
		Release|x64 = Release|x64
		Release|x86 = Release|x86
	EndGlobalSection
	GlobalSection(ProjectConfigurationPlatforms) = postSolution
		{8D1FD0F1-24FB-4811-9BF4-2849D6C81021}.Debug|Any CPU.ActiveCfg = Debug|Any CPU
		{8D1FD0F1-24FB-4811-9BF4-2849D6C81021}.Debug|Any CPU.Build.0 = Debug|Any CPU
		{8D1FD0F1-24FB-4811-9BF4-2849D6C81021}.Debug|ARM.ActiveCfg = Debug|Any CPU
		{8D1FD0F1-24FB-4811-9BF4-2849D6C81021}.Debug|ARM.Build.0 = Debug|Any CPU
		{8D1FD0F1-24FB-4811-9BF4-2849D6C81021}.Debug|x64.ActiveCfg = Debug|Any CPU
		{8D1FD0F1-24FB-4811-9BF4-2849D6C81021}.Debug|x64.Build.0 = Debug|Any CPU
		{8D1FD0F1-24FB-4811-9BF4-2849D6C81021}.Debug|x86.ActiveCfg = Debug|Any CPU
		{8D1FD0F1-24FB-4811-9BF4-2849D6C81021}.Debug|x86.Build.0 = Debug|Any CPU
		{8D1FD0F1-24FB-4811-9BF4-2849D6C81021}.Release|Any CPU.ActiveCfg = Release|Any CPU
		{8D1FD0F1-24FB-4811-9BF4-2849D6C81021}.Release|Any CPU.Build.0 = Release|Any CPU
		{8D1FD0F1-24FB-4811-9BF4-2849D6C81021}.Release|ARM.ActiveCfg = Release|Any CPU
		{8D1FD0F1-24FB-4811-9BF4-2849D6C81021}.Release|ARM.Build.0 = Release|Any CPU
		{8D1FD0F1-24FB-4811-9BF4-2849D6C81021}.Release|x64.ActiveCfg = Release|Any CPU
		{8D1FD0F1-24FB-4811-9BF4-2849D6C81021}.Release|x64.Build.0 = Release|Any CPU
		{8D1FD0F1-24FB-4811-9BF4-2849D6C81021}.Release|x86.ActiveCfg = Release|Any CPU
		{8D1FD0F1-24FB-4811-9BF4-2849D6C81021}.Release|x86.Build.0 = Release|Any CPU
		{32AB3877-5F8A-4F40-9E4A-3BE103CFC387}.Debug|Any CPU.ActiveCfg = Debug|Any CPU
		{32AB3877-5F8A-4F40-9E4A-3BE103CFC387}.Debug|Any CPU.Build.0 = Debug|Any CPU
		{32AB3877-5F8A-4F40-9E4A-3BE103CFC387}.Debug|ARM.ActiveCfg = Debug|Any CPU
		{32AB3877-5F8A-4F40-9E4A-3BE103CFC387}.Debug|ARM.Build.0 = Debug|Any CPU
		{32AB3877-5F8A-4F40-9E4A-3BE103CFC387}.Debug|x64.ActiveCfg = Debug|Any CPU
		{32AB3877-5F8A-4F40-9E4A-3BE103CFC387}.Debug|x64.Build.0 = Debug|Any CPU
		{32AB3877-5F8A-4F40-9E4A-3BE103CFC387}.Debug|x86.ActiveCfg = Debug|Any CPU
		{32AB3877-5F8A-4F40-9E4A-3BE103CFC387}.Debug|x86.Build.0 = Debug|Any CPU
		{32AB3877-5F8A-4F40-9E4A-3BE103CFC387}.Release|Any CPU.ActiveCfg = Release|Any CPU
		{32AB3877-5F8A-4F40-9E4A-3BE103CFC387}.Release|Any CPU.Build.0 = Release|Any CPU
		{32AB3877-5F8A-4F40-9E4A-3BE103CFC387}.Release|ARM.ActiveCfg = Release|Any CPU
		{32AB3877-5F8A-4F40-9E4A-3BE103CFC387}.Release|ARM.Build.0 = Release|Any CPU
		{32AB3877-5F8A-4F40-9E4A-3BE103CFC387}.Release|x64.ActiveCfg = Release|Any CPU
		{32AB3877-5F8A-4F40-9E4A-3BE103CFC387}.Release|x64.Build.0 = Release|Any CPU
		{32AB3877-5F8A-4F40-9E4A-3BE103CFC387}.Release|x86.ActiveCfg = Release|Any CPU
		{32AB3877-5F8A-4F40-9E4A-3BE103CFC387}.Release|x86.Build.0 = Release|Any CPU
		{4DADD82C-F696-4FB5-A3E5-20567CD98309}.Debug|Any CPU.ActiveCfg = Debug|Any CPU
		{4DADD82C-F696-4FB5-A3E5-20567CD98309}.Debug|Any CPU.Build.0 = Debug|Any CPU
		{4DADD82C-F696-4FB5-A3E5-20567CD98309}.Debug|ARM.ActiveCfg = Debug|Any CPU
		{4DADD82C-F696-4FB5-A3E5-20567CD98309}.Debug|ARM.Build.0 = Debug|Any CPU
		{4DADD82C-F696-4FB5-A3E5-20567CD98309}.Debug|x64.ActiveCfg = Debug|Any CPU
		{4DADD82C-F696-4FB5-A3E5-20567CD98309}.Debug|x64.Build.0 = Debug|Any CPU
		{4DADD82C-F696-4FB5-A3E5-20567CD98309}.Debug|x86.ActiveCfg = Debug|Any CPU
		{4DADD82C-F696-4FB5-A3E5-20567CD98309}.Debug|x86.Build.0 = Debug|Any CPU
		{4DADD82C-F696-4FB5-A3E5-20567CD98309}.Release|Any CPU.ActiveCfg = Release|Any CPU
		{4DADD82C-F696-4FB5-A3E5-20567CD98309}.Release|Any CPU.Build.0 = Release|Any CPU
		{4DADD82C-F696-4FB5-A3E5-20567CD98309}.Release|ARM.ActiveCfg = Release|Any CPU
		{4DADD82C-F696-4FB5-A3E5-20567CD98309}.Release|ARM.Build.0 = Release|Any CPU
		{4DADD82C-F696-4FB5-A3E5-20567CD98309}.Release|x64.ActiveCfg = Release|Any CPU
		{4DADD82C-F696-4FB5-A3E5-20567CD98309}.Release|x64.Build.0 = Release|Any CPU
		{4DADD82C-F696-4FB5-A3E5-20567CD98309}.Release|x86.ActiveCfg = Release|Any CPU
		{4DADD82C-F696-4FB5-A3E5-20567CD98309}.Release|x86.Build.0 = Release|Any CPU
		{7B48551A-51AB-4381-BA1E-017B6DF7E4AF}.Debug|Any CPU.ActiveCfg = Debug|Any CPU
		{7B48551A-51AB-4381-BA1E-017B6DF7E4AF}.Debug|Any CPU.Build.0 = Debug|Any CPU
		{7B48551A-51AB-4381-BA1E-017B6DF7E4AF}.Debug|ARM.ActiveCfg = Debug|Any CPU
		{7B48551A-51AB-4381-BA1E-017B6DF7E4AF}.Debug|ARM.Build.0 = Debug|Any CPU
		{7B48551A-51AB-4381-BA1E-017B6DF7E4AF}.Debug|x64.ActiveCfg = Debug|Any CPU
		{7B48551A-51AB-4381-BA1E-017B6DF7E4AF}.Debug|x64.Build.0 = Debug|Any CPU
		{7B48551A-51AB-4381-BA1E-017B6DF7E4AF}.Debug|x86.ActiveCfg = Debug|Any CPU
		{7B48551A-51AB-4381-BA1E-017B6DF7E4AF}.Debug|x86.Build.0 = Debug|Any CPU
		{7B48551A-51AB-4381-BA1E-017B6DF7E4AF}.Release|Any CPU.ActiveCfg = Release|Any CPU
		{7B48551A-51AB-4381-BA1E-017B6DF7E4AF}.Release|Any CPU.Build.0 = Release|Any CPU
		{7B48551A-51AB-4381-BA1E-017B6DF7E4AF}.Release|ARM.ActiveCfg = Release|Any CPU
		{7B48551A-51AB-4381-BA1E-017B6DF7E4AF}.Release|ARM.Build.0 = Release|Any CPU
		{7B48551A-51AB-4381-BA1E-017B6DF7E4AF}.Release|x64.ActiveCfg = Release|Any CPU
		{7B48551A-51AB-4381-BA1E-017B6DF7E4AF}.Release|x64.Build.0 = Release|Any CPU
		{7B48551A-51AB-4381-BA1E-017B6DF7E4AF}.Release|x86.ActiveCfg = Release|Any CPU
		{7B48551A-51AB-4381-BA1E-017B6DF7E4AF}.Release|x86.Build.0 = Release|Any CPU
		{146BCDF6-0354-4401-BBDD-57A52D2598A6}.Debug|Any CPU.ActiveCfg = Debug|Any CPU
		{146BCDF6-0354-4401-BBDD-57A52D2598A6}.Debug|Any CPU.Build.0 = Debug|Any CPU
		{146BCDF6-0354-4401-BBDD-57A52D2598A6}.Debug|ARM.ActiveCfg = Debug|Any CPU
		{146BCDF6-0354-4401-BBDD-57A52D2598A6}.Debug|ARM.Build.0 = Debug|Any CPU
		{146BCDF6-0354-4401-BBDD-57A52D2598A6}.Debug|x64.ActiveCfg = Debug|Any CPU
		{146BCDF6-0354-4401-BBDD-57A52D2598A6}.Debug|x64.Build.0 = Debug|Any CPU
		{146BCDF6-0354-4401-BBDD-57A52D2598A6}.Debug|x86.ActiveCfg = Debug|Any CPU
		{146BCDF6-0354-4401-BBDD-57A52D2598A6}.Debug|x86.Build.0 = Debug|Any CPU
		{146BCDF6-0354-4401-BBDD-57A52D2598A6}.Release|Any CPU.ActiveCfg = Release|Any CPU
		{146BCDF6-0354-4401-BBDD-57A52D2598A6}.Release|Any CPU.Build.0 = Release|Any CPU
		{146BCDF6-0354-4401-BBDD-57A52D2598A6}.Release|ARM.ActiveCfg = Release|Any CPU
		{146BCDF6-0354-4401-BBDD-57A52D2598A6}.Release|ARM.Build.0 = Release|Any CPU
		{146BCDF6-0354-4401-BBDD-57A52D2598A6}.Release|x64.ActiveCfg = Release|Any CPU
		{146BCDF6-0354-4401-BBDD-57A52D2598A6}.Release|x64.Build.0 = Release|Any CPU
		{146BCDF6-0354-4401-BBDD-57A52D2598A6}.Release|x86.ActiveCfg = Release|Any CPU
		{146BCDF6-0354-4401-BBDD-57A52D2598A6}.Release|x86.Build.0 = Release|Any CPU
		{749B171C-9933-48B1-8EB9-C072C0C9092A}.Debug|Any CPU.ActiveCfg = Debug|Any CPU
		{749B171C-9933-48B1-8EB9-C072C0C9092A}.Debug|Any CPU.Build.0 = Debug|Any CPU
		{749B171C-9933-48B1-8EB9-C072C0C9092A}.Debug|ARM.ActiveCfg = Debug|Any CPU
		{749B171C-9933-48B1-8EB9-C072C0C9092A}.Debug|ARM.Build.0 = Debug|Any CPU
		{749B171C-9933-48B1-8EB9-C072C0C9092A}.Debug|x64.ActiveCfg = Debug|Any CPU
		{749B171C-9933-48B1-8EB9-C072C0C9092A}.Debug|x64.Build.0 = Debug|Any CPU
		{749B171C-9933-48B1-8EB9-C072C0C9092A}.Debug|x86.ActiveCfg = Debug|Any CPU
		{749B171C-9933-48B1-8EB9-C072C0C9092A}.Debug|x86.Build.0 = Debug|Any CPU
		{749B171C-9933-48B1-8EB9-C072C0C9092A}.Release|Any CPU.ActiveCfg = Release|Any CPU
		{749B171C-9933-48B1-8EB9-C072C0C9092A}.Release|Any CPU.Build.0 = Release|Any CPU
		{749B171C-9933-48B1-8EB9-C072C0C9092A}.Release|ARM.ActiveCfg = Release|Any CPU
		{749B171C-9933-48B1-8EB9-C072C0C9092A}.Release|ARM.Build.0 = Release|Any CPU
		{749B171C-9933-48B1-8EB9-C072C0C9092A}.Release|x64.ActiveCfg = Release|Any CPU
		{749B171C-9933-48B1-8EB9-C072C0C9092A}.Release|x64.Build.0 = Release|Any CPU
		{749B171C-9933-48B1-8EB9-C072C0C9092A}.Release|x86.ActiveCfg = Release|Any CPU
		{749B171C-9933-48B1-8EB9-C072C0C9092A}.Release|x86.Build.0 = Release|Any CPU
		{045EA4E4-16F3-44EA-BC78-1762FB6D7FF8}.Debug|Any CPU.ActiveCfg = Debug|Any CPU
		{045EA4E4-16F3-44EA-BC78-1762FB6D7FF8}.Debug|Any CPU.Build.0 = Debug|Any CPU
		{045EA4E4-16F3-44EA-BC78-1762FB6D7FF8}.Debug|ARM.ActiveCfg = Debug|Any CPU
		{045EA4E4-16F3-44EA-BC78-1762FB6D7FF8}.Debug|ARM.Build.0 = Debug|Any CPU
		{045EA4E4-16F3-44EA-BC78-1762FB6D7FF8}.Debug|x64.ActiveCfg = Debug|Any CPU
		{045EA4E4-16F3-44EA-BC78-1762FB6D7FF8}.Debug|x64.Build.0 = Debug|Any CPU
		{045EA4E4-16F3-44EA-BC78-1762FB6D7FF8}.Debug|x86.ActiveCfg = Debug|Any CPU
		{045EA4E4-16F3-44EA-BC78-1762FB6D7FF8}.Debug|x86.Build.0 = Debug|Any CPU
		{045EA4E4-16F3-44EA-BC78-1762FB6D7FF8}.Release|Any CPU.ActiveCfg = Release|Any CPU
		{045EA4E4-16F3-44EA-BC78-1762FB6D7FF8}.Release|Any CPU.Build.0 = Release|Any CPU
		{045EA4E4-16F3-44EA-BC78-1762FB6D7FF8}.Release|ARM.ActiveCfg = Release|Any CPU
		{045EA4E4-16F3-44EA-BC78-1762FB6D7FF8}.Release|ARM.Build.0 = Release|Any CPU
		{045EA4E4-16F3-44EA-BC78-1762FB6D7FF8}.Release|x64.ActiveCfg = Release|Any CPU
		{045EA4E4-16F3-44EA-BC78-1762FB6D7FF8}.Release|x64.Build.0 = Release|Any CPU
		{045EA4E4-16F3-44EA-BC78-1762FB6D7FF8}.Release|x86.ActiveCfg = Release|Any CPU
		{045EA4E4-16F3-44EA-BC78-1762FB6D7FF8}.Release|x86.Build.0 = Release|Any CPU
		{A7FD8CA2-3ACD-4CB6-A25D-FE3720809219}.Debug|Any CPU.ActiveCfg = Debug|Any CPU
		{A7FD8CA2-3ACD-4CB6-A25D-FE3720809219}.Debug|Any CPU.Build.0 = Debug|Any CPU
		{A7FD8CA2-3ACD-4CB6-A25D-FE3720809219}.Debug|ARM.ActiveCfg = Debug|Any CPU
		{A7FD8CA2-3ACD-4CB6-A25D-FE3720809219}.Debug|ARM.Build.0 = Debug|Any CPU
		{A7FD8CA2-3ACD-4CB6-A25D-FE3720809219}.Debug|x64.ActiveCfg = Debug|Any CPU
		{A7FD8CA2-3ACD-4CB6-A25D-FE3720809219}.Debug|x64.Build.0 = Debug|Any CPU
		{A7FD8CA2-3ACD-4CB6-A25D-FE3720809219}.Debug|x86.ActiveCfg = Debug|Any CPU
		{A7FD8CA2-3ACD-4CB6-A25D-FE3720809219}.Debug|x86.Build.0 = Debug|Any CPU
		{A7FD8CA2-3ACD-4CB6-A25D-FE3720809219}.Release|Any CPU.ActiveCfg = Release|Any CPU
		{A7FD8CA2-3ACD-4CB6-A25D-FE3720809219}.Release|Any CPU.Build.0 = Release|Any CPU
		{A7FD8CA2-3ACD-4CB6-A25D-FE3720809219}.Release|ARM.ActiveCfg = Release|Any CPU
		{A7FD8CA2-3ACD-4CB6-A25D-FE3720809219}.Release|ARM.Build.0 = Release|Any CPU
		{A7FD8CA2-3ACD-4CB6-A25D-FE3720809219}.Release|x64.ActiveCfg = Release|Any CPU
		{A7FD8CA2-3ACD-4CB6-A25D-FE3720809219}.Release|x64.Build.0 = Release|Any CPU
		{A7FD8CA2-3ACD-4CB6-A25D-FE3720809219}.Release|x86.ActiveCfg = Release|Any CPU
		{A7FD8CA2-3ACD-4CB6-A25D-FE3720809219}.Release|x86.Build.0 = Release|Any CPU
		{C10E8169-79FE-46A0-A18A-6586557AED82}.Debug|Any CPU.ActiveCfg = Debug|Any CPU
		{C10E8169-79FE-46A0-A18A-6586557AED82}.Debug|Any CPU.Build.0 = Debug|Any CPU
		{C10E8169-79FE-46A0-A18A-6586557AED82}.Debug|ARM.ActiveCfg = Debug|Any CPU
		{C10E8169-79FE-46A0-A18A-6586557AED82}.Debug|ARM.Build.0 = Debug|Any CPU
		{C10E8169-79FE-46A0-A18A-6586557AED82}.Debug|x64.ActiveCfg = Debug|Any CPU
		{C10E8169-79FE-46A0-A18A-6586557AED82}.Debug|x64.Build.0 = Debug|Any CPU
		{C10E8169-79FE-46A0-A18A-6586557AED82}.Debug|x86.ActiveCfg = Debug|Any CPU
		{C10E8169-79FE-46A0-A18A-6586557AED82}.Debug|x86.Build.0 = Debug|Any CPU
		{C10E8169-79FE-46A0-A18A-6586557AED82}.Release|Any CPU.ActiveCfg = Release|Any CPU
		{C10E8169-79FE-46A0-A18A-6586557AED82}.Release|Any CPU.Build.0 = Release|Any CPU
		{C10E8169-79FE-46A0-A18A-6586557AED82}.Release|ARM.ActiveCfg = Release|Any CPU
		{C10E8169-79FE-46A0-A18A-6586557AED82}.Release|ARM.Build.0 = Release|Any CPU
		{C10E8169-79FE-46A0-A18A-6586557AED82}.Release|x64.ActiveCfg = Release|Any CPU
		{C10E8169-79FE-46A0-A18A-6586557AED82}.Release|x64.Build.0 = Release|Any CPU
		{C10E8169-79FE-46A0-A18A-6586557AED82}.Release|x86.ActiveCfg = Release|Any CPU
		{C10E8169-79FE-46A0-A18A-6586557AED82}.Release|x86.Build.0 = Release|Any CPU
	EndGlobalSection
	GlobalSection(SolutionProperties) = preSolution
		HideSolutionNode = FALSE
	EndGlobalSection
	GlobalSection(NestedProjects) = preSolution
		{4DADD82C-F696-4FB5-A3E5-20567CD98309} = {DFFB9D0E-63B5-4832-BF04-93370EEBF04C}
		{DFFB9D0E-63B5-4832-BF04-93370EEBF04C} = {2ECFA4D8-EF29-4E3C-816B-98EAABFCCEC4}
		{B44CAE5E-4089-4AFE-B701-3A3DD44A6B1D} = {2ECFA4D8-EF29-4E3C-816B-98EAABFCCEC4}
		{F244ED95-5598-4D2B-94F9-6745CEE6E716} = {B44CAE5E-4089-4AFE-B701-3A3DD44A6B1D}
		{A7FD8CA2-3ACD-4CB6-A25D-FE3720809219} = {F244ED95-5598-4D2B-94F9-6745CEE6E716}
		{C10E8169-79FE-46A0-A18A-6586557AED82} = {F244ED95-5598-4D2B-94F9-6745CEE6E716}
	EndGlobalSection
	GlobalSection(ExtensibilityGlobals) = postSolution
		SolutionGuid = {0B6B2206-FDC1-4015-A9CA-002106C9F2CD}
	EndGlobalSection
EndGlobal
